
Microsoft Visual Studio Solution File, Format Version 11.00
# Visual Studio 2010
Project("{FAE04EC0-301F-11D3-BF4B-00C04F79EFBC}") = "AASharp", "AASharp\AASharp.csproj", "{536EDADB-BFB2-425E-AEDB-00378772797A}"
EndProject
Project("{FAE04EC0-301F-11D3-BF4B-00C04F79EFBC}") = "AASharpTest", "AASharpTest\AASharpTest.csproj", "{2071EC8A-42EB-4542-BF22-BB488127B589}"
EndProject
Global
	GlobalSection(SolutionConfigurationPlatforms) = preSolution
		Debug|Any CPU = Debug|Any CPU
		Debug|Mixed Platforms = Debug|Mixed Platforms
		Debug|x86 = Debug|x86
		Release|Any CPU = Release|Any CPU
		Release|Mixed Platforms = Release|Mixed Platforms
		Release|x86 = Release|x86
	EndGlobalSection
	GlobalSection(ProjectConfigurationPlatforms) = postSolution
		{536EDADB-BFB2-425E-AEDB-00378772797A}.Debug|Any CPU.ActiveCfg = Debug|Any CPU
		{536EDADB-BFB2-425E-AEDB-00378772797A}.Debug|Any CPU.Build.0 = Debug|Any CPU
		{536EDADB-BFB2-425E-AEDB-00378772797A}.Debug|Mixed Platforms.ActiveCfg = Debug|Any CPU
		{536EDADB-BFB2-425E-AEDB-00378772797A}.Debug|Mixed Platforms.Build.0 = Debug|Any CPU
		{536EDADB-BFB2-425E-AEDB-00378772797A}.Debug|x86.ActiveCfg = Debug|Any CPU
		{536EDADB-BFB2-425E-AEDB-00378772797A}.Release|Any CPU.ActiveCfg = Release|Any CPU
		{536EDADB-BFB2-425E-AEDB-00378772797A}.Release|Any CPU.Build.0 = Release|Any CPU
		{536EDADB-BFB2-425E-AEDB-00378772797A}.Release|Mixed Platforms.ActiveCfg = Release|Any CPU
		{536EDADB-BFB2-425E-AEDB-00378772797A}.Release|Mixed Platforms.Build.0 = Release|Any CPU
		{536EDADB-BFB2-425E-AEDB-00378772797A}.Release|x86.ActiveCfg = Release|Any CPU
		{2071EC8A-42EB-4542-BF22-BB488127B589}.Debug|Any CPU.ActiveCfg = Debug|x86
		{2071EC8A-42EB-4542-BF22-BB488127B589}.Debug|Mixed Platforms.ActiveCfg = Debug|x86
		{2071EC8A-42EB-4542-BF22-BB488127B589}.Debug|Mixed Platforms.Build.0 = Debug|x86
		{2071EC8A-42EB-4542-BF22-BB488127B589}.Debug|x86.ActiveCfg = Debug|x86
		{2071EC8A-42EB-4542-BF22-BB488127B589}.Debug|x86.Build.0 = Debug|x86
		{2071EC8A-42EB-4542-BF22-BB488127B589}.Release|Any CPU.ActiveCfg = Release|x86
		{2071EC8A-42EB-4542-BF22-BB488127B589}.Release|Mixed Platforms.ActiveCfg = Release|x86
		{2071EC8A-42EB-4542-BF22-BB488127B589}.Release|Mixed Platforms.Build.0 = Release|x86
		{2071EC8A-42EB-4542-BF22-BB488127B589}.Release|x86.ActiveCfg = Release|x86
		{2071EC8A-42EB-4542-BF22-BB488127B589}.Release|x86.Build.0 = Release|x86
	EndGlobalSection
	GlobalSection(SolutionProperties) = preSolution
		HideSolutionNode = FALSE
	EndGlobalSection
EndGlobal
