
Microsoft Visual Studio Solution File, Format Version 11.00
# Visual Studio 2010
Project("{FAE04EC0-301F-11D3-BF4B-00C04F79EFBC}") = "AASharp.Mono", "ProjectFiles\Mono\AASharp.Mono\AASharp.Mono.csproj", "{E3934190-045B-48E6-9BE2-814CD87A9C1D}"
EndProject
Project("{FAE04EC0-301F-11D3-BF4B-00C04F79EFBC}") = "AASharpTest.Mono", "ProjectFiles\Mono\AASharpTest.Mono\AASharpTest.Mono.csproj", "{75A231DA-F445-42F8-8B9E-74F9CB873ED4}"
EndProject
Global
	GlobalSection(SolutionConfigurationPlatforms) = preSolution
		Default|Any CPU = Default|Any CPU
		Debug|Any CPU = Debug|Any CPU
		Release|Any CPU = Release|Any CPU
	EndGlobalSection
	GlobalSection(ProjectConfigurationPlatforms) = postSolution
		{75A231DA-F445-42F8-8B9E-74F9CB873ED4}.Debug|Any CPU.ActiveCfg = Debug|Any CPU
		{75A231DA-F445-42F8-8B9E-74F9CB873ED4}.Debug|Any CPU.Build.0 = Debug|Any CPU
		{75A231DA-F445-42F8-8B9E-74F9CB873ED4}.Default|Any CPU.ActiveCfg = Debug|Any CPU
		{75A231DA-F445-42F8-8B9E-74F9CB873ED4}.Default|Any CPU.Build.0 = Debug|Any CPU
		{75A231DA-F445-42F8-8B9E-74F9CB873ED4}.Release|Any CPU.ActiveCfg = Release|Any CPU
		{75A231DA-F445-42F8-8B9E-74F9CB873ED4}.Release|Any CPU.Build.0 = Release|Any CPU
		{E3934190-045B-48E6-9BE2-814CD87A9C1D}.Debug|Any CPU.ActiveCfg = Debug|Any CPU
		{E3934190-045B-48E6-9BE2-814CD87A9C1D}.Debug|Any CPU.Build.0 = Debug|Any CPU
		{E3934190-045B-48E6-9BE2-814CD87A9C1D}.Default|Any CPU.ActiveCfg = Debug|Any CPU
		{E3934190-045B-48E6-9BE2-814CD87A9C1D}.Default|Any CPU.Build.0 = Debug|Any CPU
		{E3934190-045B-48E6-9BE2-814CD87A9C1D}.Release|Any CPU.ActiveCfg = Release|Any CPU
		{E3934190-045B-48E6-9BE2-814CD87A9C1D}.Release|Any CPU.Build.0 = Release|Any CPU
	EndGlobalSection
	GlobalSection(MonoDevelopProperties) = preSolution
		StartupItem = ProjectFiles\Mono\AASharpTest.Mono\AASharpTest.Mono.csproj
	EndGlobalSection
EndGlobal
